
Microsoft Visual Studio Solution File, Format Version 12.00
# Visual Studio Version 16
VisualStudioVersion = 16.0.30320.27
MinimumVisualStudioVersion = 10.0.40219.1
Project("{F184B08F-C81C-45F6-A57F-5ABD9991F28F}") = "Snowboard", "Snowboard\Snowboard.vbproj", "{67DE66CC-8BCB-4A52-806B-8973B3EA1FBF}"
EndProject
Global
	GlobalSection(SolutionConfigurationPlatforms) = preSolution
		Debug|Any CPU = Debug|Any CPU
		Release|Any CPU = Release|Any CPU
	EndGlobalSection
	GlobalSection(ProjectConfigurationPlatforms) = postSolution
		{67DE66CC-8BCB-4A52-806B-8973B3EA1FBF}.Debug|Any CPU.ActiveCfg = Debug|Any CPU
		{67DE66CC-8BCB-4A52-806B-8973B3EA1FBF}.Debug|Any CPU.Build.0 = Debug|Any CPU
		{67DE66CC-8BCB-4A52-806B-8973B3EA1FBF}.Release|Any CPU.ActiveCfg = Release|Any CPU
		{67DE66CC-8BCB-4A52-806B-8973B3EA1FBF}.Release|Any CPU.Build.0 = Release|Any CPU
	EndGlobalSection
	GlobalSection(SolutionProperties) = preSolution
		HideSolutionNode = FALSE
	EndGlobalSection
	GlobalSection(ExtensibilityGlobals) = postSolution
		SolutionGuid = {DE417354-D757-4093-9319-394227C4DBDF}
	EndGlobalSection
EndGlobal
